
Microsoft Visual Studio Solution File, Format Version 12.00
# Visual Studio Version 17
VisualStudioVersion = 17.5.002.0
MinimumVisualStudioVersion = 10.0.40219.1
Project("{2150E333-8FDC-42A3-9474-1A3956D46DE8}") = "SharpACS", "SharpACS", "{A5A4BF9E-D91C-4949-A675-500D967D8F54}"
EndProject
Project("{2150E333-8FDC-42A3-9474-1A3956D46DE8}") = "src", "src", "{5D96CBE4-7E5C-42AB-9820-5A835A97590D}"
EndProject
Project("{9A19103F-16F7-4668-BE54-9A1E7A4F7556}") = "SharpACS", "SharpACS\src\SharpACS\SharpACS.csproj", "{2C90ABD9-18F5-4996-B5FB-00CDAF8451D6}"
EndProject
Global
	GlobalSection(SolutionConfigurationPlatforms) = preSolution
		Debug|Any CPU = Debug|Any CPU
		Release|Any CPU = Release|Any CPU
	EndGlobalSection
	GlobalSection(ProjectConfigurationPlatforms) = postSolution
		{2C90ABD9-18F5-4996-B5FB-00CDAF8451D6}.Debug|Any CPU.ActiveCfg = Debug|Any CPU
		{2C90ABD9-18F5-4996-B5FB-00CDAF8451D6}.Debug|Any CPU.Build.0 = Debug|Any CPU
		{2C90ABD9-18F5-4996-B5FB-00CDAF8451D6}.Release|Any CPU.ActiveCfg = Release|Any CPU
		{2C90ABD9-18F5-4996-B5FB-00CDAF8451D6}.Release|Any CPU.Build.0 = Release|Any CPU
	EndGlobalSection
	GlobalSection(SolutionProperties) = preSolution
		HideSolutionNode = FALSE
	EndGlobalSection
	GlobalSection(NestedProjects) = preSolution
		{5D96CBE4-7E5C-42AB-9820-5A835A97590D} = {A5A4BF9E-D91C-4949-A675-500D967D8F54}
		{2C90ABD9-18F5-4996-B5FB-00CDAF8451D6} = {5D96CBE4-7E5C-42AB-9820-5A835A97590D}
	EndGlobalSection
	GlobalSection(ExtensibilityGlobals) = postSolution
		SolutionGuid = {F0289D09-A24D-42AC-99EF-5F7BC44AB345}
	EndGlobalSection
EndGlobal
