
Microsoft Visual Studio Solution File, Format Version 12.00
# Visual Studio Version 17
VisualStudioVersion = 17.5.002.0
MinimumVisualStudioVersion = 10.0.40219.1
Project("{2150E333-8FDC-42A3-9474-1A3956D46DE8}") = "SharpACS", "SharpACS", "{0D8B833B-E830-431A-BC59-39FFDD54A28C}"
EndProject
Project("{2150E333-8FDC-42A3-9474-1A3956D46DE8}") = "src", "src", "{9EE8F72C-0C36-4312-BB33-D259F9F79F32}"
EndProject
Project("{9A19103F-16F7-4668-BE54-9A1E7A4F7556}") = "SharpACS", "SharpACS\src\SharpACS\SharpACS.csproj", "{02975C74-0844-4665-A016-481382CDE90D}"
EndProject
Project("{2150E333-8FDC-42A3-9474-1A3956D46DE8}") = "test", "test", "{34328E36-804F-4559-99E9-681A898BBFE6}"
EndProject
Project("{9A19103F-16F7-4668-BE54-9A1E7A4F7556}") = "SharpACS.Tests", "SharpACS\test\SharpACS.Tests\SharpACS.Tests.csproj", "{74949B8D-C79B-48A4-91DA-6C5DB47BCE24}"
EndProject
Global
	GlobalSection(SolutionConfigurationPlatforms) = preSolution
		Debug|Any CPU = Debug|Any CPU
		Release|Any CPU = Release|Any CPU
	EndGlobalSection
	GlobalSection(ProjectConfigurationPlatforms) = postSolution
		{02975C74-0844-4665-A016-481382CDE90D}.Debug|Any CPU.ActiveCfg = Debug|Any CPU
		{02975C74-0844-4665-A016-481382CDE90D}.Debug|Any CPU.Build.0 = Debug|Any CPU
		{02975C74-0844-4665-A016-481382CDE90D}.Release|Any CPU.ActiveCfg = Release|Any CPU
		{02975C74-0844-4665-A016-481382CDE90D}.Release|Any CPU.Build.0 = Release|Any CPU
		{74949B8D-C79B-48A4-91DA-6C5DB47BCE24}.Debug|Any CPU.ActiveCfg = Debug|Any CPU
		{74949B8D-C79B-48A4-91DA-6C5DB47BCE24}.Debug|Any CPU.Build.0 = Debug|Any CPU
		{74949B8D-C79B-48A4-91DA-6C5DB47BCE24}.Release|Any CPU.ActiveCfg = Release|Any CPU
		{74949B8D-C79B-48A4-91DA-6C5DB47BCE24}.Release|Any CPU.Build.0 = Release|Any CPU
	EndGlobalSection
	GlobalSection(SolutionProperties) = preSolution
		HideSolutionNode = FALSE
	EndGlobalSection
	GlobalSection(NestedProjects) = preSolution
		{9EE8F72C-0C36-4312-BB33-D259F9F79F32} = {0D8B833B-E830-431A-BC59-39FFDD54A28C}
		{02975C74-0844-4665-A016-481382CDE90D} = {9EE8F72C-0C36-4312-BB33-D259F9F79F32}
		{34328E36-804F-4559-99E9-681A898BBFE6} = {0D8B833B-E830-431A-BC59-39FFDD54A28C}
		{74949B8D-C79B-48A4-91DA-6C5DB47BCE24} = {34328E36-804F-4559-99E9-681A898BBFE6}
	EndGlobalSection
	GlobalSection(ExtensibilityGlobals) = postSolution
		SolutionGuid = {B94FF83F-B12E-4E74-BE66-062FCB5E6862}
	EndGlobalSection
EndGlobal
